
Microsoft Visual Studio Solution File, Format Version 12.00
# Visual Studio 15
VisualStudioVersion = 15.0.27703.2035
MinimumVisualStudioVersion = 10.0.40219.1
Project("{FAE04EC0-301F-11D3-BF4B-00C04F79EFBC}") = "CovalcoClientApi", "CovalcoClientApi\CovalcoClientApi.csproj", "{480A72DB-BD38-445E-8B6C-09FA28998C98}"
EndProject
Global
	GlobalSection(SolutionConfigurationPlatforms) = preSolution
		Debug|Any CPU = Debug|Any CPU
		Release|Any CPU = Release|Any CPU
	EndGlobalSection
	GlobalSection(ProjectConfigurationPlatforms) = postSolution
		{480A72DB-BD38-445E-8B6C-09FA28998C98}.Debug|Any CPU.ActiveCfg = Debug|Any CPU
		{480A72DB-BD38-445E-8B6C-09FA28998C98}.Debug|Any CPU.Build.0 = Debug|Any CPU
		{480A72DB-BD38-445E-8B6C-09FA28998C98}.Release|Any CPU.ActiveCfg = Release|Any CPU
		{480A72DB-BD38-445E-8B6C-09FA28998C98}.Release|Any CPU.Build.0 = Release|Any CPU
	EndGlobalSection
	GlobalSection(SolutionProperties) = preSolution
		HideSolutionNode = FALSE
	EndGlobalSection
	GlobalSection(ExtensibilityGlobals) = postSolution
		SolutionGuid = {F364898F-93D8-4B50-A11A-9442AEEDAE23}
	EndGlobalSection
EndGlobal
